
Microsoft Visual Studio Solution File, Format Version 12.00
# Visual Studio 15
VisualStudioVersion = 15.0.26403.7
MinimumVisualStudioVersion = 10.0.40219.1
Project("{2150E333-8FDC-42A3-9474-1A3956D46DE8}") = "Foundation", "Foundation", "{D23E926F-77F3-4EF5-AF1C-8181267B44EA}"
EndProject
Project("{2150E333-8FDC-42A3-9474-1A3956D46DE8}") = "Api", "Api", "{884CAEE8-7DCE-46A4-9C86-3BEF0DF3110D}"
EndProject
Project("{FAE04EC0-301F-11D3-BF4B-00C04F79EFBC}") = "HoganLovells.Foundation.Api.Tests", "src\Foundation\Api\Tests\HoganLovells.Foundation.Api.Tests.csproj", "{4229903F-BAC1-4C30-8E1D-AA11793275B5}"
EndProject
Project("{2150E333-8FDC-42A3-9474-1A3956D46DE8}") = "CustomError", "CustomError", "{3B0E39A5-F0E3-4F50-83A1-E54DFB890F6E}"
EndProject
Project("{FAE04EC0-301F-11D3-BF4B-00C04F79EFBC}") = "HoganLovells.Foundation.CustomError.Tests", "src\Foundation\CustomError\Tests\HoganLovells.Foundation.CustomError.Tests.csproj", "{6FAB4D14-4F91-4023-B30D-787C5D582289}"
EndProject
Project("{2150E333-8FDC-42A3-9474-1A3956D46DE8}") = "Search", "Search", "{7362CC91-D632-41C3-9B7A-9369F0176629}"
EndProject
Project("{FAE04EC0-301F-11D3-BF4B-00C04F79EFBC}") = "HoganLovells.Foundation.Search.Tests", "src\Foundation\Search\Tests\HoganLovells.Foundation.Search.Tests.csproj", "{84A0AFC6-80BD-4E2F-B9E7-98B8E61CD01C}"
EndProject
Project("{2150E333-8FDC-42A3-9474-1A3956D46DE8}") = "WorkflowFoundation", "WorkflowFoundation", "{F1585E4C-EBF8-475B-ACD1-565DA9DF5D78}"
EndProject
Project("{FAE04EC0-301F-11D3-BF4B-00C04F79EFBC}") = "HoganLovells.Foundation.WorkflowFoundation.Tests", "src\Foundation\WorkflowFoundation\Tests\HoganLovells.Foundation.WorkflowFoundation.Tests.csproj", "{A8F21A0F-FE23-4E4A-A091-5199622844C4}"
EndProject
Project("{2150E333-8FDC-42A3-9474-1A3956D46DE8}") = "Theming", "Theming", "{1B8AB9A1-EA25-4AD3-951D-2062B18E612F}"
EndProject
Project("{FAE04EC0-301F-11D3-BF4B-00C04F79EFBC}") = "HoganLovells.Foundation.Theming.Tests", "src\Foundation\Theming\Tests\HoganLovells.Foundation.Theming.Tests.csproj", "{103557D7-EA2F-4E27-BDD8-DE201412947C}"
EndProject
Project("{2150E333-8FDC-42A3-9474-1A3956D46DE8}") = "Feature", "Feature", "{08E9688F-EDB0-42C6-B9AD-1B2510B35142}"
EndProject
Project("{2150E333-8FDC-42A3-9474-1A3956D46DE8}") = "Navigation", "Navigation", "{27F50570-187B-469A-9294-C55F9D8B522E}"
EndProject
Project("{FAE04EC0-301F-11D3-BF4B-00C04F79EFBC}") = "HoganLovells.Feature.Navigation.Tests", "src\Feature\Navigation\Tests\HoganLovells.Feature.Navigation.Tests.csproj", "{D40CF492-38E0-4846-8CBA-3DD8A4BD0D4E}"
EndProject
Project("{2150E333-8FDC-42A3-9474-1A3956D46DE8}") = "About Us", "About Us", "{07D631F7-DBEC-4B78-893F-B73BBF6BAECF}"
EndProject
Project("{FAE04EC0-301F-11D3-BF4B-00C04F79EFBC}") = "HoganLovells.Feature.About Us.Tests", "src\Feature\About Us\Tests\HoganLovells.Feature.About Us.Tests.csproj", "{954CF5BA-2012-4D2D-AA3A-F9D5566F798A}"
EndProject
Project("{2150E333-8FDC-42A3-9474-1A3956D46DE8}") = "Search", "Search", "{DEC27C86-BB40-4B98-A0A9-8178C23A6235}"
EndProject
Project("{FAE04EC0-301F-11D3-BF4B-00C04F79EFBC}") = "HoganLovells.Feature.Search.Tests", "src\Feature\Search\Tests\HoganLovells.Feature.Search.Tests.csproj", "{21C32A4D-F8B2-465F-92B7-D65B812D8782}"
EndProject
Project("{2150E333-8FDC-42A3-9474-1A3956D46DE8}") = "News", "News", "{3899B7A8-FCF2-4C42-921D-066E5069371F}"
EndProject
Project("{FAE04EC0-301F-11D3-BF4B-00C04F79EFBC}") = "HoganLovells.Feature.News.Tests", "src\Feature\News\Tests\HoganLovells.Feature.News.Tests.csproj", "{2544ADEF-0326-46E5-8720-061035AE172E}"
EndProject
Project("{2150E333-8FDC-42A3-9474-1A3956D46DE8}") = "Contacts", "Contacts", "{73207BE7-430F-4196-AFE6-9C30F7AAD726}"
EndProject
Project("{FAE04EC0-301F-11D3-BF4B-00C04F79EFBC}") = "HoganLovells.Feature.Contacts.Tests", "src\Feature\Contacts\Tests\HoganLovells.Feature.Contacts.Tests.csproj", "{B9222E49-0645-49A4-B75F-D4D3CB255A06}"
EndProject
Project("{2150E333-8FDC-42A3-9474-1A3956D46DE8}") = "Project", "Project", "{A11DBBEF-C10B-4E5E-97D4-ABDE8A21902C}"
EndProject
Project("{2150E333-8FDC-42A3-9474-1A3956D46DE8}") = "Common", "Common", "{964AA794-47FB-4D0B-8A72-8993AC90DADA}"
EndProject
Project("{2150E333-8FDC-42A3-9474-1A3956D46DE8}") = "HoganLovells", "HoganLovells", "{3ACE5C72-B915-40DF-91A3-6B0BFBAC6FBF}"
EndProject
Project("{2150E333-8FDC-42A3-9474-1A3956D46DE8}") = "Configuration", "Configuration", "{C4E82126-212D-4819-8BAC-44280AA5404B}"
EndProject
Global
	GlobalSection(SolutionConfigurationPlatforms) = preSolution
		Debug|Any CPU = Debug|Any CPU
		Release|Any CPU = Release|Any CPU
	EndGlobalSection
	GlobalSection(ProjectConfigurationPlatforms) = postSolution
		{4229903F-BAC1-4C30-8E1D-AA11793275B5}.Debug|Any CPU.ActiveCfg = Debug|Any CPU
		{4229903F-BAC1-4C30-8E1D-AA11793275B5}.Debug|Any CPU.Build.0 = Debug|Any CPU
		{4229903F-BAC1-4C30-8E1D-AA11793275B5}.Release|Any CPU.ActiveCfg = Release|Any CPU
		{4229903F-BAC1-4C30-8E1D-AA11793275B5}.Release|Any CPU.Build.0 = Release|Any CPU
		{6FAB4D14-4F91-4023-B30D-787C5D582289}.Debug|Any CPU.ActiveCfg = Debug|Any CPU
		{6FAB4D14-4F91-4023-B30D-787C5D582289}.Debug|Any CPU.Build.0 = Debug|Any CPU
		{6FAB4D14-4F91-4023-B30D-787C5D582289}.Release|Any CPU.ActiveCfg = Release|Any CPU
		{6FAB4D14-4F91-4023-B30D-787C5D582289}.Release|Any CPU.Build.0 = Release|Any CPU
		{84A0AFC6-80BD-4E2F-B9E7-98B8E61CD01C}.Debug|Any CPU.ActiveCfg = Debug|Any CPU
		{84A0AFC6-80BD-4E2F-B9E7-98B8E61CD01C}.Debug|Any CPU.Build.0 = Debug|Any CPU
		{84A0AFC6-80BD-4E2F-B9E7-98B8E61CD01C}.Release|Any CPU.ActiveCfg = Release|Any CPU
		{84A0AFC6-80BD-4E2F-B9E7-98B8E61CD01C}.Release|Any CPU.Build.0 = Release|Any CPU
		{A8F21A0F-FE23-4E4A-A091-5199622844C4}.Debug|Any CPU.ActiveCfg = Debug|Any CPU
		{A8F21A0F-FE23-4E4A-A091-5199622844C4}.Debug|Any CPU.Build.0 = Debug|Any CPU
		{A8F21A0F-FE23-4E4A-A091-5199622844C4}.Release|Any CPU.ActiveCfg = Release|Any CPU
		{A8F21A0F-FE23-4E4A-A091-5199622844C4}.Release|Any CPU.Build.0 = Release|Any CPU
		{103557D7-EA2F-4E27-BDD8-DE201412947C}.Debug|Any CPU.ActiveCfg = Debug|Any CPU
		{103557D7-EA2F-4E27-BDD8-DE201412947C}.Debug|Any CPU.Build.0 = Debug|Any CPU
		{103557D7-EA2F-4E27-BDD8-DE201412947C}.Release|Any CPU.ActiveCfg = Release|Any CPU
		{103557D7-EA2F-4E27-BDD8-DE201412947C}.Release|Any CPU.Build.0 = Release|Any CPU
		{D40CF492-38E0-4846-8CBA-3DD8A4BD0D4E}.Debug|Any CPU.ActiveCfg = Debug|Any CPU
		{D40CF492-38E0-4846-8CBA-3DD8A4BD0D4E}.Debug|Any CPU.Build.0 = Debug|Any CPU
		{D40CF492-38E0-4846-8CBA-3DD8A4BD0D4E}.Release|Any CPU.ActiveCfg = Release|Any CPU
		{D40CF492-38E0-4846-8CBA-3DD8A4BD0D4E}.Release|Any CPU.Build.0 = Release|Any CPU
		{954CF5BA-2012-4D2D-AA3A-F9D5566F798A}.Debug|Any CPU.ActiveCfg = Debug|Any CPU
		{954CF5BA-2012-4D2D-AA3A-F9D5566F798A}.Debug|Any CPU.Build.0 = Debug|Any CPU
		{954CF5BA-2012-4D2D-AA3A-F9D5566F798A}.Release|Any CPU.ActiveCfg = Release|Any CPU
		{954CF5BA-2012-4D2D-AA3A-F9D5566F798A}.Release|Any CPU.Build.0 = Release|Any CPU
		{21C32A4D-F8B2-465F-92B7-D65B812D8782}.Debug|Any CPU.ActiveCfg = Debug|Any CPU
		{21C32A4D-F8B2-465F-92B7-D65B812D8782}.Debug|Any CPU.Build.0 = Debug|Any CPU
		{21C32A4D-F8B2-465F-92B7-D65B812D8782}.Release|Any CPU.ActiveCfg = Release|Any CPU
		{21C32A4D-F8B2-465F-92B7-D65B812D8782}.Release|Any CPU.Build.0 = Release|Any CPU
		{2544ADEF-0326-46E5-8720-061035AE172E}.Debug|Any CPU.ActiveCfg = Debug|Any CPU
		{2544ADEF-0326-46E5-8720-061035AE172E}.Debug|Any CPU.Build.0 = Debug|Any CPU
		{2544ADEF-0326-46E5-8720-061035AE172E}.Release|Any CPU.ActiveCfg = Release|Any CPU
		{2544ADEF-0326-46E5-8720-061035AE172E}.Release|Any CPU.Build.0 = Release|Any CPU
		{B9222E49-0645-49A4-B75F-D4D3CB255A06}.Debug|Any CPU.ActiveCfg = Debug|Any CPU
		{B9222E49-0645-49A4-B75F-D4D3CB255A06}.Debug|Any CPU.Build.0 = Debug|Any CPU
		{B9222E49-0645-49A4-B75F-D4D3CB255A06}.Release|Any CPU.ActiveCfg = Release|Any CPU
		{B9222E49-0645-49A4-B75F-D4D3CB255A06}.Release|Any CPU.Build.0 = Release|Any CPU
	EndGlobalSection
	GlobalSection(SolutionProperties) = preSolution
		HideSolutionNode = FALSE
	EndGlobalSection
	GlobalSection(NestedProjects) = preSolution
		{884CAEE8-7DCE-46A4-9C86-3BEF0DF3110D} = {D23E926F-77F3-4EF5-AF1C-8181267B44EA}
		{4229903F-BAC1-4C30-8E1D-AA11793275B5} = {884CAEE8-7DCE-46A4-9C86-3BEF0DF3110D}
		{3B0E39A5-F0E3-4F50-83A1-E54DFB890F6E} = {D23E926F-77F3-4EF5-AF1C-8181267B44EA}
		{6FAB4D14-4F91-4023-B30D-787C5D582289} = {3B0E39A5-F0E3-4F50-83A1-E54DFB890F6E}
		{7362CC91-D632-41C3-9B7A-9369F0176629} = {D23E926F-77F3-4EF5-AF1C-8181267B44EA}
		{84A0AFC6-80BD-4E2F-B9E7-98B8E61CD01C} = {7362CC91-D632-41C3-9B7A-9369F0176629}
		{F1585E4C-EBF8-475B-ACD1-565DA9DF5D78} = {D23E926F-77F3-4EF5-AF1C-8181267B44EA}
		{A8F21A0F-FE23-4E4A-A091-5199622844C4} = {F1585E4C-EBF8-475B-ACD1-565DA9DF5D78}
		{1B8AB9A1-EA25-4AD3-951D-2062B18E612F} = {D23E926F-77F3-4EF5-AF1C-8181267B44EA}
		{103557D7-EA2F-4E27-BDD8-DE201412947C} = {1B8AB9A1-EA25-4AD3-951D-2062B18E612F}
		{27F50570-187B-469A-9294-C55F9D8B522E} = {08E9688F-EDB0-42C6-B9AD-1B2510B35142}
		{D40CF492-38E0-4846-8CBA-3DD8A4BD0D4E} = {27F50570-187B-469A-9294-C55F9D8B522E}
		{07D631F7-DBEC-4B78-893F-B73BBF6BAECF} = {08E9688F-EDB0-42C6-B9AD-1B2510B35142}
		{954CF5BA-2012-4D2D-AA3A-F9D5566F798A} = {07D631F7-DBEC-4B78-893F-B73BBF6BAECF}
		{DEC27C86-BB40-4B98-A0A9-8178C23A6235} = {08E9688F-EDB0-42C6-B9AD-1B2510B35142}
		{21C32A4D-F8B2-465F-92B7-D65B812D8782} = {DEC27C86-BB40-4B98-A0A9-8178C23A6235}
		{3899B7A8-FCF2-4C42-921D-066E5069371F} = {08E9688F-EDB0-42C6-B9AD-1B2510B35142}
		{2544ADEF-0326-46E5-8720-061035AE172E} = {3899B7A8-FCF2-4C42-921D-066E5069371F}
		{73207BE7-430F-4196-AFE6-9C30F7AAD726} = {08E9688F-EDB0-42C6-B9AD-1B2510B35142}
		{B9222E49-0645-49A4-B75F-D4D3CB255A06} = {73207BE7-430F-4196-AFE6-9C30F7AAD726}
		{964AA794-47FB-4D0B-8A72-8993AC90DADA} = {A11DBBEF-C10B-4E5E-97D4-ABDE8A21902C}
		{3ACE5C72-B915-40DF-91A3-6B0BFBAC6FBF} = {A11DBBEF-C10B-4E5E-97D4-ABDE8A21902C}
	EndGlobalSection
EndGlobal
